<?xml version="1.0" encoding="utf-8"?>
<Project ToolsVersion="4.0" xmlns="http://schemas.microsoft.com/developer/msbuild/2003">
  <ItemGroup>
    <Filter Include="Source Files">
      <UniqueIdentifier>{4FC737F1-C7A5-4376-A066-2A32D752A2FF}</UniqueIdentifier>
      <Extensions>cpp;c;cc;cxx;def;odl;idl;hpj;bat;asm;asmx</Extensions>
    </Filter>
    <Filter Include="Source Files\kiss_fft">
      <UniqueIdentifier>{d1068afb-3286-4853-819d-dd86e13c618c}</UniqueIdentifier>
    </Filter>
    <Filter Include="Source Files\tclap">
      <UniqueIdentifier>{a4561c60-e3cc-4f87-9e20-2921b16e5077}</UniqueIdentifier>
    </Filter>
  </ItemGroup>
  <ItemGroup>
    <ClCompile Include="MockContextProvider.cc">
      <Filter>Source Files</Filter>
    </ClCompile>
    <ClCompile Include="Work.cc">
      <Filter>Source Files</Filter>
    </ClCompile>
    <ClCompile Include="HeartRateEstimator.cc">
      <Filter>Source Files</Filter>
    </ClCompile>
    <ClCompile Include="CameraContextProvider.cc">
      <Filter>Source Files</Filter>
    </ClCompile>
    <ClCompile Include="kissfft\tools\kiss_fftr.c">
      <Filter>Source Files\kiss_fft</Filter>
    </ClCompile>
    <ClCompile Include="kissfft\kiss_fft.c">
      <Filter>Source Files\kiss_fft</Filter>
    </ClCompile>
    <ClCompile Include="Config.cc">
      <Filter>Source Files</Filter>
    </ClCompile>
  </ItemGroup>
  <ItemGroup>
    <ClInclude Include="ConfigDump.h">
      <Filter>Source Files</Filter>
    </ClInclude>
    <ClInclude Include="ContextSaver.h">
      <Filter>Source Files</Filter>
    </ClInclude>
    <ClInclude Include="AcquisitionContext.h">
      <Filter>Source Files</Filter>
    </ClInclude>
    <ClInclude Include="CameraContextProvider.h">
      <Filter>Source Files</Filter>
    </ClInclude>
    <ClInclude Include="MockContextProvider.h">
      <Filter>Source Files</Filter>
    </ClInclude>
    <ClInclude Include="HeartRateEstimator.h">
      <Filter>Source Files</Filter>
    </ClInclude>
    <ClInclude Include="FirFilter.h">
      <Filter>Source Files</Filter>
    </ClInclude>
    <ClInclude Include="ResultAverage.h">
      <Filter>Source Files</Filter>
    </ClInclude>
    <ClInclude Include="KalmanFilter.h">
      <Filter>Source Files</Filter>
    </ClInclude>
    <ClInclude Include="kissfft\_kiss_fft_guts.h">
      <Filter>Source Files\kiss_fft</Filter>
    </ClInclude>
    <ClInclude Include="kissfft\tools\kiss_fftr.h">
      <Filter>Source Files\kiss_fft</Filter>
    </ClInclude>
    <ClInclude Include="kissfft\kiss_fft.h">
      <Filter>Source Files\kiss_fft</Filter>
    </ClInclude>
    <ClInclude Include="kissfft\kissfft.hh">
      <Filter>Source Files\kiss_fft</Filter>
    </ClInclude>
    <ClInclude Include="include\tclap\Arg.h">
      <Filter>Source Files\tclap</Filter>
    </ClInclude>
    <ClInclude Include="include\tclap\ArgException.h">
      <Filter>Source Files\tclap</Filter>
    </ClInclude>
    <ClInclude Include="include\tclap\ArgTraits.h">
      <Filter>Source Files\tclap</Filter>
    </ClInclude>
    <ClInclude Include="include\tclap\CmdLine.h">
      <Filter>Source Files\tclap</Filter>
    </ClInclude>
    <ClInclude Include="include\tclap\CmdLineInterface.h">
      <Filter>Source Files\tclap</Filter>
    </ClInclude>
    <ClInclude Include="include\tclap\CmdLineOutput.h">
      <Filter>Source Files\tclap</Filter>
    </ClInclude>
    <ClInclude Include="include\tclap\Constraint.h">
      <Filter>Source Files\tclap</Filter>
    </ClInclude>
    <ClInclude Include="include\tclap\DocBookOutput.h">
      <Filter>Source Files\tclap</Filter>
    </ClInclude>
    <ClInclude Include="include\tclap\HelpVisitor.h">
      <Filter>Source Files\tclap</Filter>
    </ClInclude>
    <ClInclude Include="include\tclap\IgnoreRestVisitor.h">
      <Filter>Source Files\tclap</Filter>
    </ClInclude>
    <ClInclude Include="include\tclap\MultiArg.h">
      <Filter>Source Files\tclap</Filter>
    </ClInclude>
    <ClInclude Include="include\tclap\MultiSwitchArg.h">
      <Filter>Source Files\tclap</Filter>
    </ClInclude>
    <ClInclude Include="include\tclap\OptionalUnlabeledTracker.h">
      <Filter>Source Files\tclap</Filter>
    </ClInclude>
    <ClInclude Include="include\tclap\StandardTraits.h">
      <Filter>Source Files\tclap</Filter>
    </ClInclude>
    <ClInclude Include="include\tclap\StdOutput.h">
      <Filter>Source Files\tclap</Filter>
    </ClInclude>
    <ClInclude Include="include\tclap\SwitchArg.h">
      <Filter>Source Files\tclap</Filter>
    </ClInclude>
    <ClInclude Include="include\tclap\UnlabeledMultiArg.h">
      <Filter>Source Files\tclap</Filter>
    </ClInclude>
    <ClInclude Include="include\tclap\UnlabeledValueArg.h">
      <Filter>Source Files\tclap</Filter>
    </ClInclude>
    <ClInclude Include="include\tclap\ValueArg.h">
      <Filter>Source Files\tclap</Filter>
    </ClInclude>
    <ClInclude Include="include\tclap\ValuesConstraint.h">
      <Filter>Source Files\tclap</Filter>
    </ClInclude>
    <ClInclude Include="include\tclap\VersionVisitor.h">
      <Filter>Source Files\tclap</Filter>
    </ClInclude>
    <ClInclude Include="include\tclap\Visitor.h">
      <Filter>Source Files\tclap</Filter>
    </ClInclude>
    <ClInclude Include="include\tclap\XorHandler.h">
      <Filter>Source Files\tclap</Filter>
    </ClInclude>
    <ClInclude Include="include\tclap\ZshCompletionOutput.h">
      <Filter>Source Files\tclap</Filter>
    </ClInclude>
    <ClInclude Include="Config.h">
      <Filter>Source Files</Filter>
    </ClInclude>
  </ItemGroup>
</Project>